<?xml version="1.0" encoding="utf-8"?>
<Project ToolsVersion="4.0" xmlns="http://schemas.microsoft.com/developer/msbuild/2003">
  <ItemGroup>
    <Filter Include="Assets">
      <UniqueIdentifier>17b52f90-9b33-4188-8a0e-808582bbabbc</UniqueIdentifier>
      <Extensions>ico;bmp;dlg;gif;jpg;jpeg;jpe;resx;tiff;tif;png;wav;resw;resjson</Extensions>
    </Filter>
    <Filter Include="include">
      <UniqueIdentifier>{f07dd014-e73b-480a-8278-bee00a7e28f3}</UniqueIdentifier>
    </Filter>
    <Filter Include="Assets\res">
      <UniqueIdentifier>{6e3c4fe8-9d1a-44c9-a08d-a4c7ad4d5ce6}</UniqueIdentifier>
    </Filter>
    <Filter Include="Assets\res\sprites">
      <UniqueIdentifier>{39ecc3a5-1ddc-4888-a72f-1522f112cb4b}</UniqueIdentifier>
    </Filter>
    <Filter Include="Assets\res\images">
      <UniqueIdentifier>{315da580-5bd4-40b9-8441-29ef4d8295a1}</UniqueIdentifier>
    </Filter>
    <Filter Include="Assets\res\poke">
      <UniqueIdentifier>{9dfe8a07-1d31-42cb-b715-14f4f1ccf38e}</UniqueIdentifier>
    </Filter>
    <Filter Include="Assets\res\scripts">
      <UniqueIdentifier>{f209cf31-b5df-4acb-9e73-c0c631cec3f4}</UniqueIdentifier>
    </Filter>
    <Filter Include="Assets\res\sounds">
      <UniqueIdentifier>{52a6cf46-29df-4fe7-a601-03fda713725a}</UniqueIdentifier>
    </Filter>
    <Filter Include="Assets\res\fonts">
      <UniqueIdentifier>{b2bf1553-b25c-413d-8540-06b10a9559db}</UniqueIdentifier>
    </Filter>
  </ItemGroup>
  <ItemGroup>
    <Image Include="Assets\ApplicationIcon.png">
      <Filter>Assets</Filter>
    </Image>
    <Image Include="Assets\AlignmentGrid.png">
      <Filter>Assets</Filter>
    </Image>
    <Image Include="Assets\Tiles\FlipCycleTileLarge.png">
      <Filter>Assets</Filter>
    </Image>
    <Image Include="Assets\Tiles\FlipCycleTileMedium.png">
      <Filter>Assets</Filter>
    </Image>
    <Image Include="Assets\Tiles\FlipCycleTileSmall.png">
      <Filter>Assets</Filter>
    </Image>
    <Image Include="Assets\Tiles\IconicTileMediumLarge.png">
      <Filter>Assets</Filter>
    </Image>
    <Image Include="Assets\Tiles\IconicTileSmall.png">
      <Filter>Assets</Filter>
    </Image>
    <Image Include="res\images\splash.png">
      <Filter>Assets\res\images</Filter>
    </Image>
    <Image Include="res\images\sprites-1.png">
      <Filter>Assets\res\images</Filter>
    </Image>
    <Image Include="res\images\sprites-2.png">
      <Filter>Assets\res\images</Filter>
    </Image>
    <Image Include="res\images\sprites-3.png">
      <Filter>Assets\res\images</Filter>
    </Image>
    <Image Include="res\images\sprites-4.png">
      <Filter>Assets\res\images</Filter>
    </Image>
    <Image Include="res\images\sprites-5.png">
      <Filter>Assets\res\images</Filter>
    </Image>
    <Image Include="res\images\sprites-6.png">
      <Filter>Assets\res\images</Filter>
    </Image>
    <Image Include="res\poke\poke_engine.png">
      <Filter>Assets\res\poke</Filter>
    </Image>
  </ItemGroup>
  <ItemGroup>
    <ClInclude Include="..\..\src\Include\FC_Actor.h">
      <Filter>include</Filter>
    </ClInclude>
    <ClInclude Include="..\..\src\Include\FC_ActorExit.h">
      <Filter>include</Filter>
    </ClInclude>
    <ClInclude Include="..\..\src\Include\FC_AnimalActor.h">
      <Filter>include</Filter>
    </ClInclude>
    <ClInclude Include="..\..\src\Include\FC_BaseScene.h">
      <Filter>include</Filter>
    </ClInclude>
    <ClInclude Include="..\..\src\Include\FC_Button.h">
      <Filter>include</Filter>
    </ClInclude>
    <ClInclude Include="..\..\src\Include\FC_CatActor.h">
      <Filter>include</Filter>
    </ClInclude>
    <ClInclude Include="..\..\src\Include\FC_Consts.h">
      <Filter>include</Filter>
    </ClInclude>
    <ClInclude Include="..\..\src\Include\FC_DogActor.h">
      <Filter>include</Filter>
    </ClInclude>
    <ClInclude Include="..\..\src\Include\FC_Fire.h">
      <Filter>include</Filter>
    </ClInclude>
    <ClInclude Include="..\..\src\Include\FC_Game.h">
      <Filter>include</Filter>
    </ClInclude>
    <ClInclude Include="..\..\src\Include\FC_GameplayScene.h">
      <Filter>include</Filter>
    </ClInclude>
    <ClInclude Include="..\..\src\Include\FC_GameSession.h">
      <Filter>include</Filter>
    </ClInclude>
    <ClInclude Include="..\..\src\Include\FC_GameSettings.h">
      <Filter>include</Filter>
    </ClInclude>
    <ClInclude Include="..\..\src\Include\FC_GlobalHud.h">
      <Filter>include</Filter>
    </ClInclude>
    <ClInclude Include="..\..\src\Include\FC_Hud.h">
      <Filter>include</Filter>
    </ClInclude>
    <ClInclude Include="..\..\src\Include\FC_InanimateActor.h">
      <Filter>include</Filter>
    </ClInclude>
    <ClInclude Include="..\..\src\Include\FC_MainMenuScene.h">
      <Filter>include</Filter>
    </ClInclude>
    <ClInclude Include="..\..\src\Include\FC_MouseActor.h">
      <Filter>include</Filter>
    </ClInclude>
    <ClInclude Include="..\..\src\Include\FC_ObjectActor.h">
      <Filter>include</Filter>
    </ClInclude>
    <ClInclude Include="..\..\src\Include\FC_Player.h">
      <Filter>include</Filter>
    </ClInclude>
    <ClInclude Include="..\..\src\Include\FC_ScoreBoard.h">
      <Filter>include</Filter>
    </ClInclude>
    <ClInclude Include="..\..\src\Include\FC_ScorePoint.h">
      <Filter>include</Filter>
    </ClInclude>
    <ClInclude Include="..\..\src\Include\FC_Sign.h">
      <Filter>include</Filter>
    </ClInclude>
    <ClInclude Include="..\..\src\Include\FC_Stars.h">
      <Filter>include</Filter>
    </ClInclude>
    <ClInclude Include="..\..\src\Include\FC_Title.h">
      <Filter>include</Filter>
    </ClInclude>
    <ClInclude Include="..\..\src\Include\FC_Tutorial.h">
      <Filter>include</Filter>
    </ClInclude>
    <ClInclude Include="..\..\src\Include\FC_TypeConverters.h">
      <Filter>include</Filter>
    </ClInclude>
    <ClInclude Include="..\..\src\Include\FC_Types.h">
      <Filter>include</Filter>
    </ClInclude>
  </ItemGroup>
  <ItemGroup>
    <Xml Include="WMAppManifest.xml" />
  </ItemGroup>
  <ItemGroup>
    <ClCompile Include="..\..\src\FC_Actor.cpp" />
    <ClCompile Include="..\..\src\FC_ActorExit.cpp" />
    <ClCompile Include="..\..\src\FC_AnimalActor.cpp" />
    <ClCompile Include="..\..\src\FC_BaseScene.cpp" />
    <ClCompile Include="..\..\src\FC_Button.cpp" />
    <ClCompile Include="..\..\src\FC_CatActor.cpp" />
    <ClCompile Include="..\..\src\FC_DogActor.cpp" />
    <ClCompile Include="..\..\src\FC_Fire.cpp" />
    <ClCompile Include="..\..\src\FC_Game.cpp" />
    <ClCompile Include="..\..\src\FC_GameplayScene.cpp" />
    <ClCompile Include="..\..\src\FC_GameSession.cpp" />
    <ClCompile Include="..\..\src\FC_GameSettings.cpp" />
    <ClCompile Include="..\..\src\FC_GlobalHUD.cpp" />
    <ClCompile Include="..\..\src\FC_Hud.cpp" />
    <ClCompile Include="..\..\src\FC_InanimateActor.cpp" />
    <ClCompile Include="..\..\src\FC_MainMenuScene.cpp" />
    <ClCompile Include="..\..\src\FC_MouseActor.cpp" />
    <ClCompile Include="..\..\src\FC_ObjectActor.cpp" />
    <ClCompile Include="..\..\src\FC_Player.cpp" />
    <ClCompile Include="..\..\src\FC_ScoreBoard.cpp" />
    <ClCompile Include="..\..\src\FC_ScorePoint.cpp" />
    <ClCompile Include="..\..\src\FC_Sign.cpp" />
    <ClCompile Include="..\..\src\FC_Stars.cpp" />
    <ClCompile Include="..\..\src\FC_Title.cpp" />
    <ClCompile Include="..\..\src\FC_Tutorial.cpp" />
    <ClCompile Include="..\..\src\FC_TypeConverters.cpp" />
    <ClCompile Include="..\..\..\SDL\src\main\winrt\SDL_winrt_main_NonXAML.cpp" />
    <ClCompile Include="..\..\src\FC_GameMain.c" />
  </ItemGroup>
  <ItemGroup>
    <None Include="res\sprites\splash.ss">
      <Filter>Assets\res\sprites</Filter>
    </None>
    <None Include="res\sprites\sprites-1.ss">
      <Filter>Assets\res\sprites</Filter>
    </None>
    <None Include="res\sprites\sprites-2.ss">
      <Filter>Assets\res\sprites</Filter>
    </None>
    <None Include="res\sprites\sprites-3.ss">
      <Filter>Assets\res\sprites</Filter>
    </None>
    <None Include="res\sprites\sprites-4.ss">
      <Filter>Assets\res\sprites</Filter>
    </None>
    <None Include="res\sprites\sprites-5.ss">
      <Filter>Assets\res\sprites</Filter>
    </None>
    <None Include="res\sprites\sprites-6.ss">
      <Filter>Assets\res\sprites</Filter>
    </None>
    <None Include="res\poke\poke_engine.cfg">
      <Filter>Assets\res\poke</Filter>
    </None>
    <None Include="res\poke\poke_engine.fnt">
      <Filter>Assets\res\poke</Filter>
    </None>
    <None Include="res\scripts\left-sign-hide.pks">
      <Filter>Assets\res\scripts</Filter>
    </None>
    <None Include="res\scripts\left-sign-show.pks">
      <Filter>Assets\res\scripts</Filter>
    </None>
    <None Include="res\scripts\left-sign-switch.pks">
      <Filter>Assets\res\scripts</Filter>
    </None>
    <None Include="res\scripts\right-sign-hide.pks">
      <Filter>Assets\res\scripts</Filter>
    </None>
    <None Include="res\scripts\right-sign-show.pks">
      <Filter>Assets\res\scripts</Filter>
    </None>
    <None Include="res\scripts\right-sign-switch.pks">
      <Filter>Assets\res\scripts</Filter>
    </None>
    <None Include="res\scripts\sign-idle.pks">
      <Filter>Assets\res\scripts</Filter>
    </None>
    <None Include="res\scripts\tutorial.pks">
      <Filter>Assets\res\scripts</Filter>
    </None>
    <None Include="res\sounds\points1.ogg">
      <Filter>Assets\res\sounds</Filter>
    </None>
    <None Include="res\sounds\points2.ogg">
      <Filter>Assets\res\sounds</Filter>
    </None>
    <None Include="res\sounds\points3.ogg">
      <Filter>Assets\res\sounds</Filter>
    </None>
    <None Include="res\fonts\main-font.fnt">
      <Filter>Assets\res\fonts</Filter>
    </None>
    <None Include="res\fonts\main-font-big.fnt">
      <Filter>Assets\res\fonts</Filter>
    </None>
    <None Include="res\fonts\main-font-medium.fnt">
      <Filter>Assets\res\fonts</Filter>
    </None>
  </ItemGroup>
</Project>