<?xml version="1.0" encoding="utf-8"?>
<Project ToolsVersion="4.0" xmlns="http://schemas.microsoft.com/developer/msbuild/2003">
  <ItemGroup>
    <Filter Include="Debug">
      <UniqueIdentifier>{e643ce17-e9fb-46cd-8966-1900e97b12ca}</UniqueIdentifier>
    </Filter>
    <Filter Include="Include">
      <UniqueIdentifier>{8dc3ff8f-487f-47df-a998-a98b78a16074}</UniqueIdentifier>
    </Filter>
    <Filter Include="Graphics">
      <UniqueIdentifier>{2d926498-d64f-4cb4-aefa-3876ecfde1c6}</UniqueIdentifier>
    </Filter>
    <Filter Include="Data">
      <UniqueIdentifier>{4d20fa04-d17f-4bcc-acb2-baabec036bd1}</UniqueIdentifier>
    </Filter>
    <Filter Include="Data\DataFiles">
      <UniqueIdentifier>{6b149da9-d24e-4bad-8dbc-377a9d6302fb}</UniqueIdentifier>
    </Filter>
    <Filter Include="Data\XML">
      <UniqueIdentifier>{346a8f1b-c5c6-429b-a98a-75ec007e3955}</UniqueIdentifier>
    </Filter>
    <Filter Include="Scenes">
      <UniqueIdentifier>{1c1b1716-78fd-4447-a764-cba36e0b9abb}</UniqueIdentifier>
    </Filter>
    <Filter Include="Exceptions">
      <UniqueIdentifier>{5f9878b4-93c8-45cd-a7c1-c4b177c7a1cb}</UniqueIdentifier>
    </Filter>
    <Filter Include="Scenes\Controls">
      <UniqueIdentifier>{f6a70d3f-6b00-41cf-a46f-96b80efcde1e}</UniqueIdentifier>
    </Filter>
    <Filter Include="Include\glm">
      <UniqueIdentifier>{0f849225-c585-42cd-a12b-d9671f3f7c05}</UniqueIdentifier>
    </Filter>
    <Filter Include="Include\glm\core">
      <UniqueIdentifier>{ee37620c-cbdb-4869-8036-e766f6c88817}</UniqueIdentifier>
    </Filter>
    <Filter Include="Include\glm\gtc">
      <UniqueIdentifier>{1057034e-af27-4924-898a-5fa7919abcee}</UniqueIdentifier>
    </Filter>
    <Filter Include="Include\glm\gtx">
      <UniqueIdentifier>{083a7ead-ed79-40be-83d0-2e6bfb29e85a}</UniqueIdentifier>
    </Filter>
    <Filter Include="Include\glm\virtrev">
      <UniqueIdentifier>{21007788-4c83-428e-be48-52e59b7b6168}</UniqueIdentifier>
    </Filter>
    <Filter Include="IO">
      <UniqueIdentifier>{448602af-e7bb-4ee7-93c9-577de73400e0}</UniqueIdentifier>
    </Filter>
    <Filter Include="Input">
      <UniqueIdentifier>{98fb17db-98a2-47c3-b623-3f42a6244df9}</UniqueIdentifier>
    </Filter>
    <Filter Include="System">
      <UniqueIdentifier>{be733199-87cf-4556-bb0e-156f3b9beef9}</UniqueIdentifier>
    </Filter>
    <Filter Include="Configuration">
      <UniqueIdentifier>{9726674b-0841-4d36-9228-1d71c1282f35}</UniqueIdentifier>
    </Filter>
    <Filter Include="Scenes\Transitions">
      <UniqueIdentifier>{35452202-4efc-4aac-9287-afdf1535f891}</UniqueIdentifier>
    </Filter>
    <Filter Include="Types">
      <UniqueIdentifier>{661b9716-c41b-4d92-a0bf-50d13766d9b9}</UniqueIdentifier>
    </Filter>
    <Filter Include="Assets">
      <UniqueIdentifier>{e3d5f6b9-1872-48a3-85ea-e865f09c4eb0}</UniqueIdentifier>
    </Filter>
    <Filter Include="Effects">
      <UniqueIdentifier>{8c86a147-7532-4944-b050-57a82062d3da}</UniqueIdentifier>
    </Filter>
    <Filter Include="Physics">
      <UniqueIdentifier>{cf7548eb-fddd-4faa-b287-8efdcfee430a}</UniqueIdentifier>
    </Filter>
    <Filter Include="Leaderboards">
      <UniqueIdentifier>{c5190ac5-a37d-4086-9597-7ec05b84fcb5}</UniqueIdentifier>
    </Filter>
    <Filter Include="Advertising">
      <UniqueIdentifier>{291d049a-9cc4-4c8f-b962-ad1708106dc8}</UniqueIdentifier>
    </Filter>
    <Filter Include="Net">
      <UniqueIdentifier>{a528a8d0-5fd9-4f60-9a41-09a0f6110d21}</UniqueIdentifier>
    </Filter>
    <Filter Include="Scripting">
      <UniqueIdentifier>{40f773e8-e681-4eed-bfcb-30f632410f1f}</UniqueIdentifier>
    </Filter>
    <Filter Include="Audio">
      <UniqueIdentifier>{1943c924-d944-4198-b346-fa7af19b8ca0}</UniqueIdentifier>
    </Filter>
  </ItemGroup>
  <ItemGroup>
    <ClCompile Include="..\..\src\PK_Log.cpp">
      <Filter>Debug</Filter>
    </ClCompile>
    <ClCompile Include="..\..\src\PK_DataFile.cpp">
      <Filter>Data\DataFiles</Filter>
    </ClCompile>
    <ClCompile Include="..\..\src\PK_XmlDataFileWriter.cpp">
      <Filter>Data\DataFiles</Filter>
    </ClCompile>
    <ClCompile Include="..\..\src\PK_DataFileRecord.cpp">
      <Filter>Data\DataFiles</Filter>
    </ClCompile>
    <ClCompile Include="..\..\src\PK_XmlDataFileReader.cpp">
      <Filter>Data\DataFiles</Filter>
    </ClCompile>
    <ClCompile Include="..\..\src\tinyxml2.cpp">
      <Filter>Data\XML</Filter>
    </ClCompile>
    <ClCompile Include="..\..\src\PK_Profiler.cpp">
      <Filter>Debug</Filter>
    </ClCompile>
    <ClCompile Include="..\..\src\PK_NullArgumentException.cpp">
      <Filter>Exceptions</Filter>
    </ClCompile>
    <ClCompile Include="..\..\src\PK_FileNotFoundException.cpp">
      <Filter>Exceptions</Filter>
    </ClCompile>
    <ClCompile Include="..\..\src\PK_OutOfMemoryException.cpp">
      <Filter>Exceptions</Filter>
    </ClCompile>
    <ClCompile Include="..\..\src\PK_SceneManager.cpp">
      <Filter>Scenes</Filter>
    </ClCompile>
    <ClCompile Include="..\..\src\PK_SDLException.cpp">
      <Filter>Exceptions</Filter>
    </ClCompile>
    <ClCompile Include="..\..\src\PK_Scene.cpp">
      <Filter>Scenes</Filter>
    </ClCompile>
    <ClCompile Include="..\..\src\PK_SceneControl.cpp">
      <Filter>Scenes\Controls</Filter>
    </ClCompile>
    <ClCompile Include="..\..\src\PK_Image.cpp">
      <Filter>Scenes\Controls</Filter>
    </ClCompile>
    <ClCompile Include="..\..\src\PK_SceneRoot.cpp">
      <Filter>Scenes\Controls</Filter>
    </ClCompile>
    <ClCompile Include="..\..\src\PK_SystemException.cpp">
      <Filter>Exceptions</Filter>
    </ClCompile>
    <ClCompile Include="..\..\src\PK_DataFileField.cpp">
      <Filter>Data\DataFiles</Filter>
    </ClCompile>
    <ClCompile Include="..\..\src\PK_GLESException.cpp">
      <Filter>Exceptions</Filter>
    </ClCompile>
    <ClCompile Include="..\..\src\PK_MemoryBuffer.cpp">
      <Filter>Data</Filter>
    </ClCompile>
    <ClCompile Include="..\..\src\PK_GLRenderManager.cpp">
      <Filter>Graphics</Filter>
    </ClCompile>
    <ClCompile Include="..\..\src\PK_RenderManager.cpp">
      <Filter>Graphics</Filter>
    </ClCompile>
    <ClCompile Include="..\..\src\PK_NotImplementedException.cpp">
      <Filter>Exceptions</Filter>
    </ClCompile>
    <ClCompile Include="..\..\src\PK_Path.cpp">
      <Filter>IO</Filter>
    </ClCompile>
    <ClCompile Include="..\..\src\PK_InputManager.cpp">
      <Filter>Input</Filter>
    </ClCompile>
    <ClCompile Include="..\..\src\PK_SDLInputManager.cpp">
      <Filter>Input</Filter>
    </ClCompile>
    <ClCompile Include="..\..\src\PK_ClassFactory.cpp">
      <Filter>System</Filter>
    </ClCompile>
    <ClCompile Include="..\..\src\PK_Object.cpp">
      <Filter>System</Filter>
    </ClCompile>
    <ClCompile Include="..\..\src\PK_Component.cpp">
      <Filter>System</Filter>
    </ClCompile>
    <ClCompile Include="..\..\src\PK_Settings.cpp">
      <Filter>Configuration</Filter>
    </ClCompile>
    <ClCompile Include="..\..\src\PK_PokeSettings.cpp">
      <Filter>Configuration</Filter>
    </ClCompile>
    <ClCompile Include="..\..\src\PK_DataFieldFormatException.cpp">
      <Filter>Exceptions</Filter>
    </ClCompile>
    <ClCompile Include="..\..\src\PK_SDLManager.cpp">
      <Filter>System</Filter>
    </ClCompile>
    <ClCompile Include="..\..\src\PK_SceneTransition.cpp">
      <Filter>Scenes\Transitions</Filter>
    </ClCompile>
    <ClCompile Include="..\..\src\PK_SDLAudioManager.cpp">
      <Filter>Audio</Filter>
    </ClCompile>
    <ClCompile Include="..\..\src\PK_Thread.cpp">
      <Filter>System</Filter>
    </ClCompile>
    <ClCompile Include="..\..\src\PK_Camera.cpp">
      <Filter>System</Filter>
    </ClCompile>
    <ClCompile Include="..\..\src\PK_MathHelper.cpp">
      <Filter>System</Filter>
    </ClCompile>
    <ClCompile Include="..\..\src\PK_AudioManagerSettings.cpp">
      <Filter>Configuration</Filter>
    </ClCompile>
    <ClCompile Include="..\..\src\PK_SceneManagerSettings.cpp">
      <Filter>Configuration</Filter>
    </ClCompile>
    <ClCompile Include="..\..\src\PK_InvalidObjectException.cpp">
      <Filter>Exceptions</Filter>
    </ClCompile>
    <ClCompile Include="..\..\src\PK_Timer.cpp">
      <Filter>System</Filter>
    </ClCompile>
    <ClCompile Include="..\..\src\PK_Panel.cpp">
      <Filter>Scenes\Controls</Filter>
    </ClCompile>
    <ClCompile Include="..\..\src\PK_Label.cpp">
      <Filter>Scenes\Controls</Filter>
    </ClCompile>
    <ClCompile Include="..\..\src\PK_Sprite.cpp">
      <Filter>Scenes\Controls</Filter>
    </ClCompile>
    <ClCompile Include="..\..\src\PK_ObjectLoader.cpp">
      <Filter>System</Filter>
    </ClCompile>
    <ClCompile Include="..\..\src\PK_ProfilerItem.cpp">
      <Filter>Debug</Filter>
    </ClCompile>
    <ClCompile Include="..\..\src\PK_2DSceneControl.cpp">
      <Filter>Scenes\Controls</Filter>
    </ClCompile>
    <ClCompile Include="..\..\src\PK_Button.cpp">
      <Filter>Scenes\Controls</Filter>
    </ClCompile>
    <ClCompile Include="..\..\src\PK_tAABoundingSquare.cpp">
      <Filter>Types</Filter>
    </ClCompile>
    <ClCompile Include="..\..\src\PK_TypeConverters.cpp">
      <Filter>Types</Filter>
    </ClCompile>
    <ClCompile Include="..\..\src\PK_tBoundingSquare.cpp">
      <Filter>Types</Filter>
    </ClCompile>
    <ClCompile Include="..\..\src\PK_tSize.cpp">
      <Filter>Types</Filter>
    </ClCompile>
    <ClCompile Include="..\..\src\PK_AssetManager.cpp">
      <Filter>Assets</Filter>
    </ClCompile>
    <ClCompile Include="..\..\src\PK_AssetContainer.cpp">
      <Filter>Assets</Filter>
    </ClCompile>
    <ClCompile Include="..\..\src\PK_Asset.cpp">
      <Filter>Assets</Filter>
    </ClCompile>
    <ClCompile Include="..\..\src\PK_SDLGLTextureAsset.cpp">
      <Filter>Assets</Filter>
    </ClCompile>
    <ClCompile Include="..\..\src\PK_SDLMusicAsset.cpp">
      <Filter>Assets</Filter>
    </ClCompile>
    <ClCompile Include="..\..\src\PK_SDLSoundAsset.cpp">
      <Filter>Assets</Filter>
    </ClCompile>
    <ClCompile Include="..\..\src\PK_SpriteAsset.cpp">
      <Filter>Assets</Filter>
    </ClCompile>
    <ClCompile Include="..\..\src\PK_SpriteSetAsset.cpp">
      <Filter>Assets</Filter>
    </ClCompile>
    <ClCompile Include="..\..\src\PK_FontAsset.cpp">
      <Filter>Assets</Filter>
    </ClCompile>
    <ClCompile Include="..\..\src\PK_tSpriteFrame.cpp">
      <Filter>Types</Filter>
    </ClCompile>
    <ClCompile Include="..\..\src\PK_ProfilerMenu.cpp">
      <Filter>Debug</Filter>
    </ClCompile>
    <ClCompile Include="..\..\src\PK_FPSCounterProfilerItem.cpp">
      <Filter>Debug</Filter>
    </ClCompile>
    <ClCompile Include="..\..\src\PK_AssetManagerProfilerItem.cpp">
      <Filter>Debug</Filter>
    </ClCompile>
    <ClCompile Include="..\..\src\PK_LoadedObjsProfilerItem.cpp">
      <Filter>Debug</Filter>
    </ClCompile>
    <ClCompile Include="..\..\src\PK_PokeEngine.cpp">
      <Filter>System</Filter>
    </ClCompile>
    <ClCompile Include="..\..\src\PK_Types.cpp">
      <Filter>Types</Filter>
    </ClCompile>
    <ClCompile Include="..\..\src\PK_Effect.cpp">
      <Filter>Effects</Filter>
    </ClCompile>
    <ClCompile Include="..\..\src\PK_EffectsBlender.cpp">
      <Filter>Effects</Filter>
    </ClCompile>
    <ClCompile Include="..\..\src\PK_ColorEffect.cpp">
      <Filter>Effects</Filter>
    </ClCompile>
    <ClCompile Include="..\..\src\PK_PopUpEffect.cpp">
      <Filter>Effects</Filter>
    </ClCompile>
    <ClCompile Include="..\..\src\PK_ObjectPropertiesAsset.cpp">
      <Filter>Assets</Filter>
    </ClCompile>
    <ClCompile Include="..\..\src\PK_DataFileAsset.cpp">
      <Filter>Assets</Filter>
    </ClCompile>
    <ClCompile Include="..\..\src\PK_LoadableObject.cpp">
      <Filter>System</Filter>
    </ClCompile>
    <ClCompile Include="..\..\src\PK_SDLRenderManager.cpp">
      <Filter>Graphics</Filter>
    </ClCompile>
    <ClCompile Include="..\..\src\PK_SDLTextureAsset.cpp">
      <Filter>Assets</Filter>
    </ClCompile>
    <ClCompile Include="..\..\src\PK_PointerInfoProfilerItem.cpp">
      <Filter>Debug</Filter>
    </ClCompile>
    <ClCompile Include="..\..\src\PK_Game.cpp">
      <Filter>System</Filter>
    </ClCompile>
    <ClCompile Include="..\..\src\PK_GameException.cpp">
      <Filter>Exceptions</Filter>
    </ClCompile>
    <ClCompile Include="..\..\src\PK_Exception.cpp">
      <Filter>Exceptions</Filter>
    </ClCompile>
    <ClCompile Include="..\..\src\PK_RandomGenerator.cpp">
      <Filter>System</Filter>
    </ClCompile>
    <ClCompile Include="..\..\src\PK_TimerControl.cpp">
      <Filter>Scenes\Controls</Filter>
    </ClCompile>
    <ClCompile Include="..\..\src\PK_tBoundingCircle.cpp">
      <Filter>Types</Filter>
    </ClCompile>
    <ClCompile Include="..\..\src\PK_PhysicsManager.cpp">
      <Filter>Physics</Filter>
    </ClCompile>
    <ClCompile Include="..\..\src\PK_Body.cpp">
      <Filter>Physics</Filter>
    </ClCompile>
    <ClCompile Include="..\..\src\PK_Box2DBody.cpp">
      <Filter>Physics</Filter>
    </ClCompile>
    <ClCompile Include="..\..\src\PK_Box2DPhysicsManager.cpp">
      <Filter>Physics</Filter>
    </ClCompile>
    <ClCompile Include="..\..\src\PK_Box2DRenderer.cpp">
      <Filter>Physics</Filter>
    </ClCompile>
    <ClCompile Include="..\..\src\PK_Box2DContactListener.cpp">
      <Filter>Physics</Filter>
    </ClCompile>
    <ClCompile Include="..\..\src\PK_tViewport.cpp">
      <Filter>Types</Filter>
    </ClCompile>
    <ClCompile Include="..\..\src\PK_PhysicsManagerSettings.cpp">
      <Filter>Configuration</Filter>
    </ClCompile>
    <ClCompile Include="..\..\src\PK_BUttonPressEffect.cpp">
      <Filter>Effects</Filter>
    </ClCompile>
    <ClCompile Include="..\..\src\PK_Player.cpp">
      <Filter>System</Filter>
    </ClCompile>
    <ClCompile Include="..\..\src\PK_Leaderboard.cpp">
      <Filter>Leaderboards</Filter>
    </ClCompile>
    <ClCompile Include="..\..\src\PK_AdBanner.cpp">
      <Filter>Advertising</Filter>
    </ClCompile>
    <ClCompile Include="..\..\src\PK_Library.cpp">
      <Filter>System</Filter>
    </ClCompile>
    <ClCompile Include="..\..\src\PK_LibraryItem.cpp">
      <Filter>System</Filter>
    </ClCompile>
    <ClCompile Include="..\..\src\PK_SDLTCPSocket.cpp">
      <Filter>Net</Filter>
    </ClCompile>
    <ClCompile Include="..\..\src\PK_TCPClient.cpp">
      <Filter>Net</Filter>
    </ClCompile>
    <ClCompile Include="..\..\src\PK_TCPServer.cpp">
      <Filter>Net</Filter>
    </ClCompile>
    <ClCompile Include="..\..\src\PK_MessageBox.cpp">
      <Filter>System</Filter>
    </ClCompile>
    <ClCompile Include="..\..\src\PK_GravityEffect.cpp">
      <Filter>Effects</Filter>
    </ClCompile>
    <ClCompile Include="..\..\src\PK_LinearMoveEffect.cpp">
      <Filter>Effects</Filter>
    </ClCompile>
    <ClCompile Include="..\..\src\PK_MotionEffect.cpp">
      <Filter>Effects</Filter>
    </ClCompile>
    <ClCompile Include="..\..\src\PK_ProfilerSettings.cpp">
      <Filter>Configuration</Filter>
    </ClCompile>
    <ClCompile Include="..\..\src\PK_RemoteDebuggerClient.cpp">
      <Filter>Debug</Filter>
    </ClCompile>
    <ClCompile Include="..\..\src\PK_Mutex.cpp">
      <Filter>System</Filter>
    </ClCompile>
    <ClCompile Include="..\..\src\PK_ScriptAsset.cpp">
      <Filter>Assets</Filter>
    </ClCompile>
    <ClCompile Include="..\..\src\PK_MemoryBufferReader.cpp">
      <Filter>Data</Filter>
    </ClCompile>
    <ClCompile Include="..\..\src\PK_Script.cpp">
      <Filter>Scenes\Controls</Filter>
    </ClCompile>
    <ClCompile Include="..\..\src\PK_CommandAttributes.cpp">
      <Filter>Scripting</Filter>
    </ClCompile>
    <ClCompile Include="..\..\src\PK_MoveCmd.cpp">
      <Filter>Scripting</Filter>
    </ClCompile>
    <ClCompile Include="..\..\src\PK_PauseCmd.cpp">
      <Filter>Scripting</Filter>
    </ClCompile>
    <ClCompile Include="..\..\src\PK_RotateCmd.cpp">
      <Filter>Scripting</Filter>
    </ClCompile>
    <ClCompile Include="..\..\src\PK_ScriptCommand.cpp">
      <Filter>Scripting</Filter>
    </ClCompile>
    <ClCompile Include="..\..\src\PK_ScriptCompiler.cpp">
      <Filter>Scripting</Filter>
    </ClCompile>
    <ClCompile Include="..\..\src\PK_SetAttributeCmd.cpp">
      <Filter>Scripting</Filter>
    </ClCompile>
    <ClCompile Include="..\..\src\PK_tScriptValue.cpp">
      <Filter>Scripting</Filter>
    </ClCompile>
    <ClCompile Include="..\..\src\PK_AdManager.cpp">
      <Filter>Advertising</Filter>
    </ClCompile>
    <ClCompile Include="..\..\src\PK_File.cpp">
      <Filter>IO</Filter>
    </ClCompile>
    <ClCompile Include="..\..\src\PK_LoopCmd.cpp">
      <Filter>Scripting</Filter>
    </ClCompile>
    <ClCompile Include="..\..\src\PK_LabelCmd.cpp">
      <Filter>Scripting</Filter>
    </ClCompile>
    <ClCompile Include="..\..\src\PK_SelectCmd.cpp">
      <Filter>Scripting</Filter>
    </ClCompile>
    <ClCompile Include="..\..\src\PK_PokeGameData.cpp">
      <Filter>System</Filter>
    </ClCompile>
    <ClCompile Include="..\..\src\PK_Rate.cpp">
      <Filter>System</Filter>
    </ClCompile>
    <ClCompile Include="..\..\src\PK_Web.cpp">
      <Filter>Net</Filter>
    </ClCompile>
    <ClCompile Include="..\..\src\PK_tDateTime.cpp">
      <Filter>Types</Filter>
    </ClCompile>
    <ClCompile Include="..\..\src\PK_tTimeSpan.cpp">
      <Filter>Types</Filter>
    </ClCompile>
    <ClCompile Include="..\..\src\PK_ArgumentOutOfRangeException.cpp">
      <Filter>Exceptions</Filter>
    </ClCompile>
    <ClCompile Include="..\..\src\PK_OverflowException.cpp">
      <Filter>Exceptions</Filter>
    </ClCompile>
    <ClCompile Include="..\..\src\PK_OfflineAdBanner.cpp">
      <Filter>Scenes\Controls</Filter>
    </ClCompile>
    <ClCompile Include="..\..\src\PK_Environment.cpp">
      <Filter>System</Filter>
    </ClCompile>
    <ClCompile Include="..\..\src\PK_SplashScene.cpp">
      <Filter>Scenes</Filter>
    </ClCompile>
    <ClCompile Include="..\..\src\PK_JNIException.cpp">
      <Filter>Exceptions</Filter>
    </ClCompile>
    <ClCompile Include="..\..\src\PK_EventManager.cpp">
      <Filter>System</Filter>
    </ClCompile>
    <ClCompile Include="..\..\src\PK_DrawableComponent.cpp">
      <Filter>System</Filter>
    </ClCompile>
    <ClCompile Include="..\..\src\PK_AudioManager.cpp">
      <Filter>Audio</Filter>
    </ClCompile>
    <ClCompile Include="..\..\src\PK_ConsoleApp.cpp">
      <Filter>System</Filter>
    </ClCompile>
    <ClCompile Include="..\..\src\PK_Console.cpp">
      <Filter>System</Filter>
    </ClCompile>
    <ClCompile Include="..\..\src\PK_FileAsset.cpp">
      <Filter>Assets</Filter>
    </ClCompile>
    <ClCompile Include="..\..\src\PK_App.cpp">
      <Filter>System</Filter>
    </ClCompile>
    <ClCompile Include="..\..\src\PK_FileReader.cpp">
      <Filter>IO</Filter>
    </ClCompile>
    <ClCompile Include="..\..\src\PK_FileWriter.cpp">
      <Filter>IO</Filter>
    </ClCompile>
    <ClCompile Include="..\..\src\PK_StringAsset.cpp">
      <Filter>Assets</Filter>
    </ClCompile>
    <ClCompile Include="..\..\src\PK_GameApp.cpp">
      <Filter>System</Filter>
    </ClCompile>
    <ClCompile Include="..\..\src\PK_AppStore.cpp">
      <Filter>System</Filter>
    </ClCompile>
    <ClCompile Include="..\..\src\PK_PlaySoundCmd.cpp">
      <Filter>Scripting</Filter>
    </ClCompile>
  </ItemGroup>
  <ItemGroup>
    <ClInclude Include="..\..\src\Include\tinyxml2.h">
      <Filter>Include</Filter>
    </ClInclude>
    <ClInclude Include="..\..\src\Include\PK_RenderManager.h">
      <Filter>Include</Filter>
    </ClInclude>
    <ClInclude Include="..\..\src\Include\PK_PokeEngine.h">
      <Filter>Include</Filter>
    </ClInclude>
    <ClInclude Include="..\..\src\Include\PokeEngine.h">
      <Filter>Include</Filter>
    </ClInclude>
    <ClInclude Include="..\..\src\include\PK_Globals.h">
      <Filter>Include</Filter>
    </ClInclude>
    <ClInclude Include="..\..\src\Include\PK_DataFile.h">
      <Filter>Include</Filter>
    </ClInclude>
    <ClInclude Include="..\..\src\Include\PK_DataFileField.h">
      <Filter>Include</Filter>
    </ClInclude>
    <ClInclude Include="..\..\src\Include\PK_DataFileRecord.h">
      <Filter>Include</Filter>
    </ClInclude>
    <ClInclude Include="..\..\src\Include\PK_Consts.h">
      <Filter>Include</Filter>
    </ClInclude>
    <ClInclude Include="..\..\src\Include\PK_List.h">
      <Filter>Include</Filter>
    </ClInclude>
    <ClInclude Include="..\..\src\Include\PK_Log.h">
      <Filter>Include</Filter>
    </ClInclude>
    <ClInclude Include="..\..\src\Include\PK_XmlDataFileReader.h">
      <Filter>Include</Filter>
    </ClInclude>
    <ClInclude Include="..\..\src\Include\PK_XmlDataFileWriter.h">
      <Filter>Include</Filter>
    </ClInclude>
    <ClInclude Include="..\..\src\Include\PK_Exceptions.h">
      <Filter>Include</Filter>
    </ClInclude>
    <ClInclude Include="..\..\src\Include\PK_FileNotFoundException.h">
      <Filter>Include</Filter>
    </ClInclude>
    <ClInclude Include="..\..\src\Include\PK_NullArgumentException.h">
      <Filter>Include</Filter>
    </ClInclude>
    <ClInclude Include="..\..\src\Include\PK_Object.h">
      <Filter>Include</Filter>
    </ClInclude>
    <ClInclude Include="..\..\src\Include\PK_OutOfMemoryException.h">
      <Filter>Include</Filter>
    </ClInclude>
    <ClInclude Include="..\..\src\Include\PK_Profiler.h">
      <Filter>Include</Filter>
    </ClInclude>
    <ClInclude Include="..\..\src\Include\PK_SceneControl.h">
      <Filter>Include</Filter>
    </ClInclude>
    <ClInclude Include="..\..\src\Include\PK_SceneManager.h">
      <Filter>Include</Filter>
    </ClInclude>
    <ClInclude Include="..\..\src\Include\PK_String.h">
      <Filter>Include</Filter>
    </ClInclude>
    <ClInclude Include="..\..\src\Include\PK_Component.h">
      <Filter>Include</Filter>
    </ClInclude>
    <ClInclude Include="..\..\src\Include\PK_Scene.h">
      <Filter>Include</Filter>
    </ClInclude>
    <ClInclude Include="..\..\src\Include\PK_Array.h">
      <Filter>Include</Filter>
    </ClInclude>
    <ClInclude Include="..\..\src\Include\PK_Image.h">
      <Filter>Include</Filter>
    </ClInclude>
    <ClInclude Include="..\..\src\Include\PK_SceneRoot.h">
      <Filter>Include</Filter>
    </ClInclude>
    <ClInclude Include="..\..\src\Include\glm\ext.hpp">
      <Filter>Include\glm</Filter>
    </ClInclude>
    <ClInclude Include="..\..\src\Include\glm\glm.hpp">
      <Filter>Include\glm</Filter>
    </ClInclude>
    <ClInclude Include="..\..\src\Include\glm\core\_detail.hpp">
      <Filter>Include\glm\core</Filter>
    </ClInclude>
    <ClInclude Include="..\..\src\Include\glm\core\_fixes.hpp">
      <Filter>Include\glm\core</Filter>
    </ClInclude>
    <ClInclude Include="..\..\src\Include\glm\core\_swizzle.hpp">
      <Filter>Include\glm\core</Filter>
    </ClInclude>
    <ClInclude Include="..\..\src\Include\glm\core\_swizzle_func.hpp">
      <Filter>Include\glm\core</Filter>
    </ClInclude>
    <ClInclude Include="..\..\src\Include\glm\core\_vectorize.hpp">
      <Filter>Include\glm\core</Filter>
    </ClInclude>
    <ClInclude Include="..\..\src\Include\glm\core\func_common.hpp">
      <Filter>Include\glm\core</Filter>
    </ClInclude>
    <ClInclude Include="..\..\src\Include\glm\core\func_exponential.hpp">
      <Filter>Include\glm\core</Filter>
    </ClInclude>
    <ClInclude Include="..\..\src\Include\glm\core\func_geometric.hpp">
      <Filter>Include\glm\core</Filter>
    </ClInclude>
    <ClInclude Include="..\..\src\Include\glm\core\func_integer.hpp">
      <Filter>Include\glm\core</Filter>
    </ClInclude>
    <ClInclude Include="..\..\src\Include\glm\core\func_matrix.hpp">
      <Filter>Include\glm\core</Filter>
    </ClInclude>
    <ClInclude Include="..\..\src\Include\glm\core\func_noise.hpp">
      <Filter>Include\glm\core</Filter>
    </ClInclude>
    <ClInclude Include="..\..\src\Include\glm\core\func_packing.hpp">
      <Filter>Include\glm\core</Filter>
    </ClInclude>
    <ClInclude Include="..\..\src\Include\glm\core\func_trigonometric.hpp">
      <Filter>Include\glm\core</Filter>
    </ClInclude>
    <ClInclude Include="..\..\src\Include\glm\core\func_vector_relational.hpp">
      <Filter>Include\glm\core</Filter>
    </ClInclude>
    <ClInclude Include="..\..\src\Include\glm\core\hint.hpp">
      <Filter>Include\glm\core</Filter>
    </ClInclude>
    <ClInclude Include="..\..\src\Include\glm\core\intrinsic_common.hpp">
      <Filter>Include\glm\core</Filter>
    </ClInclude>
    <ClInclude Include="..\..\src\Include\glm\core\intrinsic_exponential.hpp">
      <Filter>Include\glm\core</Filter>
    </ClInclude>
    <ClInclude Include="..\..\src\Include\glm\core\intrinsic_geometric.hpp">
      <Filter>Include\glm\core</Filter>
    </ClInclude>
    <ClInclude Include="..\..\src\Include\glm\core\intrinsic_matrix.hpp">
      <Filter>Include\glm\core</Filter>
    </ClInclude>
    <ClInclude Include="..\..\src\Include\glm\core\intrinsic_trigonometric.hpp">
      <Filter>Include\glm\core</Filter>
    </ClInclude>
    <ClInclude Include="..\..\src\Include\glm\core\intrinsic_vector_relational.hpp">
      <Filter>Include\glm\core</Filter>
    </ClInclude>
    <ClInclude Include="..\..\src\Include\glm\core\setup.hpp">
      <Filter>Include\glm\core</Filter>
    </ClInclude>
    <ClInclude Include="..\..\src\Include\glm\core\type.hpp">
      <Filter>Include\glm\core</Filter>
    </ClInclude>
    <ClInclude Include="..\..\src\Include\glm\core\type_float.hpp">
      <Filter>Include\glm\core</Filter>
    </ClInclude>
    <ClInclude Include="..\..\src\Include\glm\core\type_gentype.hpp">
      <Filter>Include\glm\core</Filter>
    </ClInclude>
    <ClInclude Include="..\..\src\Include\glm\core\type_half.hpp">
      <Filter>Include\glm\core</Filter>
    </ClInclude>
    <ClInclude Include="..\..\src\Include\glm\core\type_int.hpp">
      <Filter>Include\glm\core</Filter>
    </ClInclude>
    <ClInclude Include="..\..\src\Include\glm\core\type_mat.hpp">
      <Filter>Include\glm\core</Filter>
    </ClInclude>
    <ClInclude Include="..\..\src\Include\glm\core\type_mat2x2.hpp">
      <Filter>Include\glm\core</Filter>
    </ClInclude>
    <ClInclude Include="..\..\src\Include\glm\core\type_mat2x3.hpp">
      <Filter>Include\glm\core</Filter>
    </ClInclude>
    <ClInclude Include="..\..\src\Include\glm\core\type_mat2x4.hpp">
      <Filter>Include\glm\core</Filter>
    </ClInclude>
    <ClInclude Include="..\..\src\Include\glm\core\type_mat3x2.hpp">
      <Filter>Include\glm\core</Filter>
    </ClInclude>
    <ClInclude Include="..\..\src\Include\glm\core\type_mat3x3.hpp">
      <Filter>Include\glm\core</Filter>
    </ClInclude>
    <ClInclude Include="..\..\src\Include\glm\core\type_mat3x4.hpp">
      <Filter>Include\glm\core</Filter>
    </ClInclude>
    <ClInclude Include="..\..\src\Include\glm\core\type_mat4x2.hpp">
      <Filter>Include\glm\core</Filter>
    </ClInclude>
    <ClInclude Include="..\..\src\Include\glm\core\type_mat4x3.hpp">
      <Filter>Include\glm\core</Filter>
    </ClInclude>
    <ClInclude Include="..\..\src\Include\glm\core\type_mat4x4.hpp">
      <Filter>Include\glm\core</Filter>
    </ClInclude>
    <ClInclude Include="..\..\src\Include\glm\core\type_size.hpp">
      <Filter>Include\glm\core</Filter>
    </ClInclude>
    <ClInclude Include="..\..\src\Include\glm\core\type_vec.hpp">
      <Filter>Include\glm\core</Filter>
    </ClInclude>
    <ClInclude Include="..\..\src\Include\glm\core\type_vec1.hpp">
      <Filter>Include\glm\core</Filter>
    </ClInclude>
    <ClInclude Include="..\..\src\Include\glm\core\type_vec2.hpp">
      <Filter>Include\glm\core</Filter>
    </ClInclude>
    <ClInclude Include="..\..\src\Include\glm\core\type_vec3.hpp">
      <Filter>Include\glm\core</Filter>
    </ClInclude>
    <ClInclude Include="..\..\src\Include\glm\core\type_vec4.hpp">
      <Filter>Include\glm\core</Filter>
    </ClInclude>
    <ClInclude Include="..\..\src\Include\glm\gtc\constants.hpp">
      <Filter>Include\glm\gtc</Filter>
    </ClInclude>
    <ClInclude Include="..\..\src\Include\glm\gtc\epsilon.hpp">
      <Filter>Include\glm\gtc</Filter>
    </ClInclude>
    <ClInclude Include="..\..\src\Include\glm\gtc\half_float.hpp">
      <Filter>Include\glm\gtc</Filter>
    </ClInclude>
    <ClInclude Include="..\..\src\Include\glm\gtc\matrix_access.hpp">
      <Filter>Include\glm\gtc</Filter>
    </ClInclude>
    <ClInclude Include="..\..\src\Include\glm\gtc\matrix_integer.hpp">
      <Filter>Include\glm\gtc</Filter>
    </ClInclude>
    <ClInclude Include="..\..\src\Include\glm\gtc\matrix_inverse.hpp">
      <Filter>Include\glm\gtc</Filter>
    </ClInclude>
    <ClInclude Include="..\..\src\Include\glm\gtc\matrix_transform.hpp">
      <Filter>Include\glm\gtc</Filter>
    </ClInclude>
    <ClInclude Include="..\..\src\Include\glm\gtc\noise.hpp">
      <Filter>Include\glm\gtc</Filter>
    </ClInclude>
    <ClInclude Include="..\..\src\Include\glm\gtc\quaternion.hpp">
      <Filter>Include\glm\gtc</Filter>
    </ClInclude>
    <ClInclude Include="..\..\src\Include\glm\gtc\random.hpp">
      <Filter>Include\glm\gtc</Filter>
    </ClInclude>
    <ClInclude Include="..\..\src\Include\glm\gtc\reciprocal.hpp">
      <Filter>Include\glm\gtc</Filter>
    </ClInclude>
    <ClInclude Include="..\..\src\Include\glm\gtc\swizzle.hpp">
      <Filter>Include\glm\gtc</Filter>
    </ClInclude>
    <ClInclude Include="..\..\src\Include\glm\gtc\type_precision.hpp">
      <Filter>Include\glm\gtc</Filter>
    </ClInclude>
    <ClInclude Include="..\..\src\Include\glm\gtc\type_ptr.hpp">
      <Filter>Include\glm\gtc</Filter>
    </ClInclude>
    <ClInclude Include="..\..\src\Include\glm\gtc\ulp.hpp">
      <Filter>Include\glm\gtc</Filter>
    </ClInclude>
    <ClInclude Include="..\..\src\Include\glm\gtx\associated_min_max.hpp">
      <Filter>Include\glm\gtx</Filter>
    </ClInclude>
    <ClInclude Include="..\..\src\Include\glm\gtx\bit.hpp">
      <Filter>Include\glm\gtx</Filter>
    </ClInclude>
    <ClInclude Include="..\..\src\Include\glm\gtx\closest_point.hpp">
      <Filter>Include\glm\gtx</Filter>
    </ClInclude>
    <ClInclude Include="..\..\src\Include\glm\gtx\color_cast.hpp">
      <Filter>Include\glm\gtx</Filter>
    </ClInclude>
    <ClInclude Include="..\..\src\Include\glm\gtx\color_space.hpp">
      <Filter>Include\glm\gtx</Filter>
    </ClInclude>
    <ClInclude Include="..\..\src\Include\glm\gtx\color_space_YCoCg.hpp">
      <Filter>Include\glm\gtx</Filter>
    </ClInclude>
    <ClInclude Include="..\..\src\Include\glm\gtx\compatibility.hpp">
      <Filter>Include\glm\gtx</Filter>
    </ClInclude>
    <ClInclude Include="..\..\src\Include\glm\gtx\component_wise.hpp">
      <Filter>Include\glm\gtx</Filter>
    </ClInclude>
    <ClInclude Include="..\..\src\Include\glm\gtx\constants.hpp">
      <Filter>Include\glm\gtx</Filter>
    </ClInclude>
    <ClInclude Include="..\..\src\Include\glm\gtx\epsilon.hpp">
      <Filter>Include\glm\gtx</Filter>
    </ClInclude>
    <ClInclude Include="..\..\src\Include\glm\gtx\euler_angles.hpp">
      <Filter>Include\glm\gtx</Filter>
    </ClInclude>
    <ClInclude Include="..\..\src\Include\glm\gtx\extend.hpp">
      <Filter>Include\glm\gtx</Filter>
    </ClInclude>
    <ClInclude Include="..\..\src\Include\glm\gtx\extented_min_max.hpp">
      <Filter>Include\glm\gtx</Filter>
    </ClInclude>
    <ClInclude Include="..\..\src\Include\glm\gtx\fast_exponential.hpp">
      <Filter>Include\glm\gtx</Filter>
    </ClInclude>
    <ClInclude Include="..\..\src\Include\glm\gtx\fast_square_root.hpp">
      <Filter>Include\glm\gtx</Filter>
    </ClInclude>
    <ClInclude Include="..\..\src\Include\glm\gtx\fast_trigonometry.hpp">
      <Filter>Include\glm\gtx</Filter>
    </ClInclude>
    <ClInclude Include="..\..\src\Include\glm\gtx\gradient_paint.hpp">
      <Filter>Include\glm\gtx</Filter>
    </ClInclude>
    <ClInclude Include="..\..\src\Include\glm\gtx\handed_coordinate_space.hpp">
      <Filter>Include\glm\gtx</Filter>
    </ClInclude>
    <ClInclude Include="..\..\src\Include\glm\gtx\inertia.hpp">
      <Filter>Include\glm\gtx</Filter>
    </ClInclude>
    <ClInclude Include="..\..\src\Include\glm\gtx\int_10_10_10_2.hpp">
      <Filter>Include\glm\gtx</Filter>
    </ClInclude>
    <ClInclude Include="..\..\src\Include\glm\gtx\integer.hpp">
      <Filter>Include\glm\gtx</Filter>
    </ClInclude>
    <ClInclude Include="..\..\src\Include\glm\gtx\intersect.hpp">
      <Filter>Include\glm\gtx</Filter>
    </ClInclude>
    <ClInclude Include="..\..\src\Include\glm\gtx\log_base.hpp">
      <Filter>Include\glm\gtx</Filter>
    </ClInclude>
    <ClInclude Include="..\..\src\Include\glm\gtx\matrix_cross_product.hpp">
      <Filter>Include\glm\gtx</Filter>
    </ClInclude>
    <ClInclude Include="..\..\src\Include\glm\gtx\matrix_interpolation.hpp">
      <Filter>Include\glm\gtx</Filter>
    </ClInclude>
    <ClInclude Include="..\..\src\Include\glm\gtx\matrix_major_storage.hpp">
      <Filter>Include\glm\gtx</Filter>
    </ClInclude>
    <ClInclude Include="..\..\src\Include\glm\gtx\matrix_operation.hpp">
      <Filter>Include\glm\gtx</Filter>
    </ClInclude>
    <ClInclude Include="..\..\src\Include\glm\gtx\matrix_query.hpp">
      <Filter>Include\glm\gtx</Filter>
    </ClInclude>
    <ClInclude Include="..\..\src\Include\glm\gtx\mixed_product.hpp">
      <Filter>Include\glm\gtx</Filter>
    </ClInclude>
    <ClInclude Include="..\..\src\Include\glm\gtx\multiple.hpp">
      <Filter>Include\glm\gtx</Filter>
    </ClInclude>
    <ClInclude Include="..\..\src\Include\glm\gtx\noise.hpp">
      <Filter>Include\glm\gtx</Filter>
    </ClInclude>
    <ClInclude Include="..\..\src\Include\glm\gtx\norm.hpp">
      <Filter>Include\glm\gtx</Filter>
    </ClInclude>
    <ClInclude Include="..\..\src\Include\glm\gtx\normal.hpp">
      <Filter>Include\glm\gtx</Filter>
    </ClInclude>
    <ClInclude Include="..\..\src\Include\glm\gtx\normalize_dot.hpp">
      <Filter>Include\glm\gtx</Filter>
    </ClInclude>
    <ClInclude Include="..\..\src\Include\glm\gtx\number_precision.hpp">
      <Filter>Include\glm\gtx</Filter>
    </ClInclude>
    <ClInclude Include="..\..\src\Include\glm\gtx\ocl_type.hpp">
      <Filter>Include\glm\gtx</Filter>
    </ClInclude>
    <ClInclude Include="..\..\src\Include\glm\gtx\optimum_pow.hpp">
      <Filter>Include\glm\gtx</Filter>
    </ClInclude>
    <ClInclude Include="..\..\src\Include\glm\gtx\orthonormalize.hpp">
      <Filter>Include\glm\gtx</Filter>
    </ClInclude>
    <ClInclude Include="..\..\src\Include\glm\gtx\perpendicular.hpp">
      <Filter>Include\glm\gtx</Filter>
    </ClInclude>
    <ClInclude Include="..\..\src\Include\glm\gtx\polar_coordinates.hpp">
      <Filter>Include\glm\gtx</Filter>
    </ClInclude>
    <ClInclude Include="..\..\src\Include\glm\gtx\projection.hpp">
      <Filter>Include\glm\gtx</Filter>
    </ClInclude>
    <ClInclude Include="..\..\src\Include\glm\gtx\quaternion.hpp">
      <Filter>Include\glm\gtx</Filter>
    </ClInclude>
    <ClInclude Include="..\..\src\Include\glm\gtx\random.hpp">
      <Filter>Include\glm\gtx</Filter>
    </ClInclude>
    <ClInclude Include="..\..\src\Include\glm\gtx\raw_data.hpp">
      <Filter>Include\glm\gtx</Filter>
    </ClInclude>
    <ClInclude Include="..\..\src\Include\glm\gtx\reciprocal.hpp">
      <Filter>Include\glm\gtx</Filter>
    </ClInclude>
    <ClInclude Include="..\..\src\Include\glm\gtx\rotate_vector.hpp">
      <Filter>Include\glm\gtx</Filter>
    </ClInclude>
    <ClInclude Include="..\..\src\Include\glm\gtx\simd_mat4.hpp">
      <Filter>Include\glm\gtx</Filter>
    </ClInclude>
    <ClInclude Include="..\..\src\Include\glm\gtx\simd_vec4.hpp">
      <Filter>Include\glm\gtx</Filter>
    </ClInclude>
    <ClInclude Include="..\..\src\Include\glm\gtx\spline.hpp">
      <Filter>Include\glm\gtx</Filter>
    </ClInclude>
    <ClInclude Include="..\..\src\Include\glm\gtx\std_based_type.hpp">
      <Filter>Include\glm\gtx</Filter>
    </ClInclude>
    <ClInclude Include="..\..\src\Include\glm\gtx\string_cast.hpp">
      <Filter>Include\glm\gtx</Filter>
    </ClInclude>
    <ClInclude Include="..\..\src\Include\glm\gtx\transform.hpp">
      <Filter>Include\glm\gtx</Filter>
    </ClInclude>
    <ClInclude Include="..\..\src\Include\glm\gtx\transform2.hpp">
      <Filter>Include\glm\gtx</Filter>
    </ClInclude>
    <ClInclude Include="..\..\src\Include\glm\gtx\ulp.hpp">
      <Filter>Include\glm\gtx</Filter>
    </ClInclude>
    <ClInclude Include="..\..\src\Include\glm\gtx\unsigned_int.hpp">
      <Filter>Include\glm\gtx</Filter>
    </ClInclude>
    <ClInclude Include="..\..\src\Include\glm\gtx\vec1.hpp">
      <Filter>Include\glm\gtx</Filter>
    </ClInclude>
    <ClInclude Include="..\..\src\Include\glm\gtx\vector_access.hpp">
      <Filter>Include\glm\gtx</Filter>
    </ClInclude>
    <ClInclude Include="..\..\src\Include\glm\gtx\vector_angle.hpp">
      <Filter>Include\glm\gtx</Filter>
    </ClInclude>
    <ClInclude Include="..\..\src\Include\glm\gtx\vector_query.hpp">
      <Filter>Include\glm\gtx</Filter>
    </ClInclude>
    <ClInclude Include="..\..\src\Include\glm\gtx\verbose_operator.hpp">
      <Filter>Include\glm\gtx</Filter>
    </ClInclude>
    <ClInclude Include="..\..\src\Include\glm\gtx\wrap.hpp">
      <Filter>Include\glm\gtx</Filter>
    </ClInclude>
    <ClInclude Include="..\..\src\Include\glm\virtrev\xstream.hpp">
      <Filter>Include\glm\virtrev</Filter>
    </ClInclude>
    <ClInclude Include="..\..\src\Include\PK_SystemException.h">
      <Filter>Include</Filter>
    </ClInclude>
    <ClInclude Include="..\..\src\Include\PK_Shader.h">
      <Filter>Include</Filter>
    </ClInclude>
    <ClInclude Include="..\..\src\Include\PK_ClassFactory.h">
      <Filter>Include</Filter>
    </ClInclude>
    <ClInclude Include="..\..\src\Include\PK_SDLException.h">
      <Filter>Include</Filter>
    </ClInclude>
    <ClInclude Include="..\..\src\Include\PK_GLRenderManager.h">
      <Filter>Include</Filter>
    </ClInclude>
    <ClInclude Include="..\..\src\Include\PK_FileReader.h">
      <Filter>Include</Filter>
    </ClInclude>
    <ClInclude Include="..\..\src\Include\PK_MemoryBuffer.h">
      <Filter>Include</Filter>
    </ClInclude>
    <ClInclude Include="..\..\src\Include\PK_OpenGL.h">
      <Filter>Include</Filter>
    </ClInclude>
    <ClInclude Include="..\..\src\Include\PK_Config.h">
      <Filter>Include</Filter>
    </ClInclude>
    <ClInclude Include="..\..\src\Include\PK_Types.h">
      <Filter>Include</Filter>
    </ClInclude>
    <ClInclude Include="..\..\src\Include\PK_MathHelper.h">
      <Filter>Include</Filter>
    </ClInclude>
    <ClInclude Include="..\..\src\Include\PK_tBoundingSquare.h">
      <Filter>Include</Filter>
    </ClInclude>
    <ClInclude Include="..\..\src\Include\PK_tSize.h">
      <Filter>Include</Filter>
    </ClInclude>
    <ClInclude Include="..\..\src\Include\PK_tSpriteFrame.h">
      <Filter>Include</Filter>
    </ClInclude>
    <ClInclude Include="..\..\src\Include\PK_NotImplementedException.h">
      <Filter>Include</Filter>
    </ClInclude>
    <ClInclude Include="..\..\src\Include\PK_PokeSettings.h">
      <Filter>Include</Filter>
    </ClInclude>
    <ClInclude Include="..\..\src\Include\PK_Settings.h">
      <Filter>Include</Filter>
    </ClInclude>
    <ClInclude Include="..\..\src\Include\PK_Path.h">
      <Filter>Include</Filter>
    </ClInclude>
    <ClInclude Include="..\..\src\Include\PK_Sprite.h">
      <Filter>Include</Filter>
    </ClInclude>
    <ClInclude Include="..\..\src\Include\PK_InputManager.h">
      <Filter>Include</Filter>
    </ClInclude>
    <ClInclude Include="..\..\src\Include\PK_SDLInputManager.h">
      <Filter>Include</Filter>
    </ClInclude>
    <ClInclude Include="..\..\src\Include\PK_TypeConverters.h">
      <Filter>Include</Filter>
    </ClInclude>
    <ClInclude Include="..\..\src\Include\PK_DataFieldFormatException.h">
      <Filter>Include</Filter>
    </ClInclude>
    <ClInclude Include="..\..\src\Include\PK_SceneTransition.h">
      <Filter>Include</Filter>
    </ClInclude>
    <ClInclude Include="..\..\src\Include\PK_Thread.h">
      <Filter>Include</Filter>
    </ClInclude>
    <ClInclude Include="..\..\src\Include\PK_LoadingIcon.h">
      <Filter>Include</Filter>
    </ClInclude>
    <ClInclude Include="..\..\src\Include\PK_Vector4.h">
      <Filter>Include</Filter>
    </ClInclude>
    <ClInclude Include="..\..\src\Include\PK_AudioManager.h">
      <Filter>Include</Filter>
    </ClInclude>
    <ClInclude Include="..\..\src\Include\PK_Camera.h">
      <Filter>Include</Filter>
    </ClInclude>
    <ClInclude Include="..\..\src\Include\PK_Color.h">
      <Filter>Include</Filter>
    </ClInclude>
    <ClInclude Include="..\..\src\Include\PK_DataFiles.h">
      <Filter>Include</Filter>
    </ClInclude>
    <ClInclude Include="..\..\src\Include\PK_GLESBasicShader.h">
      <Filter>Include</Filter>
    </ClInclude>
    <ClInclude Include="..\..\src\Include\PK_GLESException.h">
      <Filter>Include</Filter>
    </ClInclude>
    <ClInclude Include="..\..\src\Include\PK_GLESShader.h">
      <Filter>Include</Filter>
    </ClInclude>
    <ClInclude Include="..\..\src\Include\PK_GLESTextureShader.h">
      <Filter>Include</Filter>
    </ClInclude>
    <ClInclude Include="..\..\src\Include\PK_Matrix4.h">
      <Filter>Include</Filter>
    </ClInclude>
    <ClInclude Include="..\..\src\Include\PK_Mutex.h">
      <Filter>Include</Filter>
    </ClInclude>
    <ClInclude Include="..\..\src\Include\PK_SDLAudioManager.h">
      <Filter>Include</Filter>
    </ClInclude>
    <ClInclude Include="..\..\src\Include\PK_SDLManager.h">
      <Filter>Include</Filter>
    </ClInclude>
    <ClInclude Include="..\..\src\Include\PK_Vector2.h">
      <Filter>Include</Filter>
    </ClInclude>
    <ClInclude Include="..\..\src\Include\PK_Vector3.h">
      <Filter>Include</Filter>
    </ClInclude>
    <ClInclude Include="..\..\src\Include\PK_AudioManagerSettings.h">
      <Filter>Include</Filter>
    </ClInclude>
    <ClInclude Include="..\..\src\Include\PK_SceneManagerSettings.h">
      <Filter>Include</Filter>
    </ClInclude>
    <ClInclude Include="..\..\src\Include\PK_InvalidObjectException.h">
      <Filter>Include</Filter>
    </ClInclude>
    <ClInclude Include="..\..\src\Include\PK_Timer.h">
      <Filter>Include</Filter>
    </ClInclude>
    <ClInclude Include="..\..\src\Include\PK_GameTimer.h">
      <Filter>Include</Filter>
    </ClInclude>
    <ClInclude Include="..\..\src\Include\PK_Panel.h">
      <Filter>Include</Filter>
    </ClInclude>
    <ClInclude Include="..\..\src\Include\PK_Label.h">
      <Filter>Include</Filter>
    </ClInclude>
    <ClInclude Include="..\..\src\Include\PK_ProfilerItem.h">
      <Filter>Include</Filter>
    </ClInclude>
    <ClInclude Include="..\..\src\Include\PK_tAABoundingSquare.h">
      <Filter>Include</Filter>
    </ClInclude>
    <ClInclude Include="..\..\src\Include\PK_Button.h">
      <Filter>Include</Filter>
    </ClInclude>
    <ClInclude Include="..\..\src\Include\PK_AssetManager.h">
      <Filter>Include</Filter>
    </ClInclude>
    <ClInclude Include="..\..\src\Include\PK_AssetContainer.h">
      <Filter>Include</Filter>
    </ClInclude>
    <ClInclude Include="..\..\src\Include\PK_Asset.h">
      <Filter>Include</Filter>
    </ClInclude>
    <ClInclude Include="..\..\src\Include\PK_SDLGLTextureAsset.h">
      <Filter>Include</Filter>
    </ClInclude>
    <ClInclude Include="..\..\src\Include\PK_SDLMusicAsset.h">
      <Filter>Include</Filter>
    </ClInclude>
    <ClInclude Include="..\..\src\Include\PK_SDLSoundAsset.h">
      <Filter>Include</Filter>
    </ClInclude>
    <ClInclude Include="..\..\src\Include\PK_SDLTextureAsset.h">
      <Filter>Include</Filter>
    </ClInclude>
    <ClInclude Include="..\..\src\Include\PK_SoundAsset.h">
      <Filter>Include</Filter>
    </ClInclude>
    <ClInclude Include="..\..\src\Include\PK_SpriteAsset.h">
      <Filter>Include</Filter>
    </ClInclude>
    <ClInclude Include="..\..\src\Include\PK_SpriteSetAsset.h">
      <Filter>Include</Filter>
    </ClInclude>
    <ClInclude Include="..\..\src\Include\PK_TextureAsset.h">
      <Filter>Include</Filter>
    </ClInclude>
    <ClInclude Include="..\..\src\Include\PK_FontAsset.h">
      <Filter>Include</Filter>
    </ClInclude>
    <ClInclude Include="..\..\src\Include\PK_MusicAsset.h">
      <Filter>Include</Filter>
    </ClInclude>
    <ClInclude Include="..\..\src\Include\PK_ParameterizedCallback.h">
      <Filter>Include</Filter>
    </ClInclude>
    <ClInclude Include="..\..\src\Include\PK_ProfilerMenu.h">
      <Filter>Include</Filter>
    </ClInclude>
    <ClInclude Include="..\..\src\Include\PK_FPSCounterProfilerItem.h">
      <Filter>Include</Filter>
    </ClInclude>
    <ClInclude Include="..\..\src\Include\PK_AssetManagerProfilerItem.h">
      <Filter>Include</Filter>
    </ClInclude>
    <ClInclude Include="..\..\src\Include\PK_LoadedObjsProfilerItem.h">
      <Filter>Include</Filter>
    </ClInclude>
    <ClInclude Include="..\..\src\Include\PK_Effect.h">
      <Filter>Include</Filter>
    </ClInclude>
    <ClInclude Include="..\..\src\Include\PK_EffectsBlender.h">
      <Filter>Include</Filter>
    </ClInclude>
    <ClInclude Include="..\..\src\Include\PK_ColorEffect.h">
      <Filter>Include</Filter>
    </ClInclude>
    <ClInclude Include="..\..\src\Include\PK_PopUpEffect.h">
      <Filter>Include</Filter>
    </ClInclude>
    <ClInclude Include="..\..\src\Include\PK_DataFileAsset.h">
      <Filter>Include</Filter>
    </ClInclude>
    <ClInclude Include="..\..\src\Include\PK_ObjectPropertiesAsset.h">
      <Filter>Include</Filter>
    </ClInclude>
    <ClInclude Include="..\..\src\Include\PK_SettingsAsset.h">
      <Filter>Include</Filter>
    </ClInclude>
    <ClInclude Include="..\..\src\Include\PK_SDLRenderManager.h">
      <Filter>Include</Filter>
    </ClInclude>
    <ClInclude Include="..\..\src\Include\PK_PointerInfoProfilerItem.h">
      <Filter>Include</Filter>
    </ClInclude>
    <ClInclude Include="..\..\src\Include\PK_Game.h">
      <Filter>Include</Filter>
    </ClInclude>
    <ClInclude Include="..\..\src\Include\PK_GameException.h">
      <Filter>Include</Filter>
    </ClInclude>
    <ClInclude Include="..\..\src\Include\PK_Exception.h">
      <Filter>Include</Filter>
    </ClInclude>
    <ClInclude Include="..\..\src\Include\PK_RandomGenerator.h">
      <Filter>Include</Filter>
    </ClInclude>
    <ClInclude Include="..\..\src\Include\PK_TimerControl.h">
      <Filter>Include</Filter>
    </ClInclude>
    <ClInclude Include="..\..\src\Include\PK_tBoundingCircle.h">
      <Filter>Include</Filter>
    </ClInclude>
    <ClInclude Include="..\..\src\Include\PK_PhysicsManager.h">
      <Filter>Include</Filter>
    </ClInclude>
    <ClInclude Include="..\..\src\Include\PK_Body.h">
      <Filter>Include</Filter>
    </ClInclude>
    <ClInclude Include="..\..\src\Include\PK_Box2DBody.h">
      <Filter>Include</Filter>
    </ClInclude>
    <ClInclude Include="..\..\src\Include\PK_Box2DPhysicsManager.h">
      <Filter>Include</Filter>
    </ClInclude>
    <ClInclude Include="..\..\src\Include\PK_Box2DRenderer.h">
      <Filter>Include</Filter>
    </ClInclude>
    <ClInclude Include="..\..\src\Include\PK_CollisionCallback.h">
      <Filter>Include</Filter>
    </ClInclude>
    <ClInclude Include="..\..\src\Include\PK_Box2DContactListener.h">
      <Filter>Include</Filter>
    </ClInclude>
    <ClInclude Include="..\..\src\Include\PK_tViewport.h">
      <Filter>Include</Filter>
    </ClInclude>
    <ClInclude Include="..\..\src\Include\PK_BodyCollisionCallback.h">
      <Filter>Include</Filter>
    </ClInclude>
    <ClInclude Include="..\..\src\Include\PK_ObjectCallback.h">
      <Filter>Include</Filter>
    </ClInclude>
    <ClInclude Include="..\..\src\Include\PK_Callback.h">
      <Filter>Include</Filter>
    </ClInclude>
    <ClInclude Include="..\..\src\Include\PK_PhysicsManagerSettings.h">
      <Filter>Include</Filter>
    </ClInclude>
    <ClInclude Include="..\..\src\Include\PK_ButtonPressEffect.h">
      <Filter>Include</Filter>
    </ClInclude>
    <ClInclude Include="..\..\src\Include\PK_Leaderboard.h">
      <Filter>Include</Filter>
    </ClInclude>
    <ClInclude Include="..\..\src\Include\PK_Player.h">
      <Filter>Include</Filter>
    </ClInclude>
    <ClInclude Include="..\..\src\Include\PK_AdBanner.h">
      <Filter>Include</Filter>
    </ClInclude>
    <ClInclude Include="..\..\src\Include\PK_AdBannerControl.h">
      <Filter>Include</Filter>
    </ClInclude>
    <ClInclude Include="..\..\src\Include\PK_Library.h">
      <Filter>Include</Filter>
    </ClInclude>
    <ClInclude Include="..\..\src\Include\PK_LibraryItem.h">
      <Filter>Include</Filter>
    </ClInclude>
    <ClInclude Include="..\..\src\Include\PK_SDLTCPSocket.h">
      <Filter>Include</Filter>
    </ClInclude>
    <ClInclude Include="..\..\src\Include\PK_TCPClient.h">
      <Filter>Include</Filter>
    </ClInclude>
    <ClInclude Include="..\..\src\Include\PK_TCPServer.h">
      <Filter>Include</Filter>
    </ClInclude>
    <ClInclude Include="..\..\src\Include\PK_TCPSocket.h">
      <Filter>Include</Filter>
    </ClInclude>
    <ClInclude Include="..\..\src\Include\PK_MessageBox.h">
      <Filter>Include</Filter>
    </ClInclude>
    <ClInclude Include="..\..\src\Include\PK_GravityEffect.h">
      <Filter>Include</Filter>
    </ClInclude>
    <ClInclude Include="..\..\src\Include\PK_LinearMoveEffect.h">
      <Filter>Include</Filter>
    </ClInclude>
    <ClInclude Include="..\..\src\Include\PK_MotionEffect.h">
      <Filter>Include</Filter>
    </ClInclude>
    <ClInclude Include="..\..\src\Include\PK_LoadableObject.h">
      <Filter>Include</Filter>
    </ClInclude>
    <ClInclude Include="..\..\src\Include\PK_ProfilerSettings.h">
      <Filter>Include</Filter>
    </ClInclude>
    <ClInclude Include="..\..\src\Include\PK_RemoteDebuggerClient.h">
      <Filter>Include</Filter>
    </ClInclude>
    <ClInclude Include="..\..\src\Include\PK_Sleep.h">
      <Filter>Include</Filter>
    </ClInclude>
    <ClInclude Include="..\..\src\Include\PK_ScriptAsset.h">
      <Filter>Include</Filter>
    </ClInclude>
    <ClInclude Include="..\..\src\Include\PK_MemoryBufferReader.h">
      <Filter>Include</Filter>
    </ClInclude>
    <ClInclude Include="..\..\src\Include\PK_Script.h">
      <Filter>Include</Filter>
    </ClInclude>
    <ClInclude Include="..\..\src\Include\PK_MessageReceiver.h">
      <Filter>Include</Filter>
    </ClInclude>
    <ClInclude Include="..\..\src\Include\PK_AdManager.h">
      <Filter>Include</Filter>
    </ClInclude>
    <ClInclude Include="..\..\src\Include\PK_RemoteDebuggerTypes.h">
      <Filter>Include</Filter>
    </ClInclude>
    <ClInclude Include="..\..\src\Include\PK_FileWriter.h">
      <Filter>Include</Filter>
    </ClInclude>
    <ClInclude Include="..\..\src\Include\PK_File.h">
      <Filter>Include</Filter>
    </ClInclude>
    <ClInclude Include="..\..\src\Include\PK_LoopCmd.h">
      <Filter>Include</Filter>
    </ClInclude>
    <ClInclude Include="..\..\src\Include\PK_Scripting.h">
      <Filter>Include</Filter>
    </ClInclude>
    <ClInclude Include="..\..\src\Include\PK_MoveCmd.h">
      <Filter>Include</Filter>
    </ClInclude>
    <ClInclude Include="..\..\src\Include\PK_LabelCmd.h">
      <Filter>Include</Filter>
    </ClInclude>
    <ClInclude Include="..\..\src\Include\PK_SelectCmd.h">
      <Filter>Include</Filter>
    </ClInclude>
    <ClInclude Include="..\..\src\Include\PK_PokeGameData.h">
      <Filter>Include</Filter>
    </ClInclude>
    <ClInclude Include="..\..\src\Include\PK_Web.h">
      <Filter>Include</Filter>
    </ClInclude>
    <ClInclude Include="..\..\src\Include\PK_Rate.h">
      <Filter>Include</Filter>
    </ClInclude>
    <ClInclude Include="..\..\src\Include\PK_tDateTime.h">
      <Filter>Include</Filter>
    </ClInclude>
    <ClInclude Include="..\..\src\Include\PK_tTimeSpan.h">
      <Filter>Include</Filter>
    </ClInclude>
    <ClInclude Include="..\..\src\Include\PK_ArgumentOutOfRangeException.h">
      <Filter>Include</Filter>
    </ClInclude>
    <ClInclude Include="..\..\src\Include\PK_OverflowException.h">
      <Filter>Include</Filter>
    </ClInclude>
    <ClInclude Include="..\..\src\Include\PK_OfflineAdBanner.h">
      <Filter>Include</Filter>
    </ClInclude>
    <ClInclude Include="..\..\src\Include\PK_Environment.h">
      <Filter>Include</Filter>
    </ClInclude>
    <ClInclude Include="..\..\src\Include\PK_SplashScene.h">
      <Filter>Include</Filter>
    </ClInclude>
    <ClInclude Include="..\..\src\Include\PK_EventManager.h">
      <Filter>Include</Filter>
    </ClInclude>
    <ClInclude Include="..\..\src\Include\PK_DrawableComponent.h">
      <Filter>Include</Filter>
    </ClInclude>
    <ClInclude Include="..\..\src\Include\PK_tScriptVariable.h">
      <Filter>Include</Filter>
    </ClInclude>
    <ClInclude Include="..\..\src\Include\PK_2DSceneControl.h">
      <Filter>Include</Filter>
    </ClInclude>
    <ClInclude Include="..\..\src\Include\PK_ConsoleApp.h">
      <Filter>Include</Filter>
    </ClInclude>
    <ClInclude Include="..\..\src\Include\PK_Dictionary.h">
      <Filter>Include</Filter>
    </ClInclude>
    <ClInclude Include="..\..\src\Include\PK_Console.h">
      <Filter>Include</Filter>
    </ClInclude>
    <ClInclude Include="..\..\src\Include\PK_FileCopyCallback.h">
      <Filter>Include</Filter>
    </ClInclude>
    <ClInclude Include="..\..\src\Include\PK_FileAsset.h">
      <Filter>Include</Filter>
    </ClInclude>
    <ClInclude Include="..\..\src\Include\PK_App.h">
      <Filter>Include</Filter>
    </ClInclude>
    <ClInclude Include="..\..\src\Include\PK_InvalidAppArgumentsException.h">
      <Filter>Include</Filter>
    </ClInclude>
    <ClInclude Include="..\..\src\Include\PK_StringAsset.h">
      <Filter>Include</Filter>
    </ClInclude>
    <ClInclude Include="..\..\src\Include\PK_GameApp.h">
      <Filter>Include</Filter>
    </ClInclude>
    <ClInclude Include="..\..\src\Include\PK_AppStore.h">
      <Filter>Include</Filter>
    </ClInclude>
    <ClInclude Include="..\..\src\Include\PK_PlaySoundCmd.h">
      <Filter>Include</Filter>
    </ClInclude>
  </ItemGroup>
  <ItemGroup>
    <None Include="..\..\src\Include\glm\core\func_common.inl">
      <Filter>Include\glm\core</Filter>
    </None>
    <None Include="..\..\src\Include\glm\core\func_exponential.inl">
      <Filter>Include\glm\core</Filter>
    </None>
    <None Include="..\..\src\Include\glm\core\func_geometric.inl">
      <Filter>Include\glm\core</Filter>
    </None>
    <None Include="..\..\src\Include\glm\core\func_integer.inl">
      <Filter>Include\glm\core</Filter>
    </None>
    <None Include="..\..\src\Include\glm\core\func_matrix.inl">
      <Filter>Include\glm\core</Filter>
    </None>
    <None Include="..\..\src\Include\glm\core\func_noise.inl">
      <Filter>Include\glm\core</Filter>
    </None>
    <None Include="..\..\src\Include\glm\core\func_packing.inl">
      <Filter>Include\glm\core</Filter>
    </None>
    <None Include="..\..\src\Include\glm\core\func_trigonometric.inl">
      <Filter>Include\glm\core</Filter>
    </None>
    <None Include="..\..\src\Include\glm\core\func_vector_relational.inl">
      <Filter>Include\glm\core</Filter>
    </None>
    <None Include="..\..\src\Include\glm\core\intrinsic_common.inl">
      <Filter>Include\glm\core</Filter>
    </None>
    <None Include="..\..\src\Include\glm\core\intrinsic_exponential.inl">
      <Filter>Include\glm\core</Filter>
    </None>
    <None Include="..\..\src\Include\glm\core\intrinsic_geometric.inl">
      <Filter>Include\glm\core</Filter>
    </None>
    <None Include="..\..\src\Include\glm\core\intrinsic_matrix.inl">
      <Filter>Include\glm\core</Filter>
    </None>
    <None Include="..\..\src\Include\glm\core\intrinsic_trigonometric.inl">
      <Filter>Include\glm\core</Filter>
    </None>
    <None Include="..\..\src\Include\glm\core\intrinsic_vector_relational.inl">
      <Filter>Include\glm\core</Filter>
    </None>
    <None Include="..\..\src\Include\glm\core\type_gentype.inl">
      <Filter>Include\glm\core</Filter>
    </None>
    <None Include="..\..\src\Include\glm\core\type_half.inl">
      <Filter>Include\glm\core</Filter>
    </None>
    <None Include="..\..\src\Include\glm\core\type_mat.inl">
      <Filter>Include\glm\core</Filter>
    </None>
    <None Include="..\..\src\Include\glm\core\type_mat2x2.inl">
      <Filter>Include\glm\core</Filter>
    </None>
    <None Include="..\..\src\Include\glm\core\type_mat2x3.inl">
      <Filter>Include\glm\core</Filter>
    </None>
    <None Include="..\..\src\Include\glm\core\type_mat2x4.inl">
      <Filter>Include\glm\core</Filter>
    </None>
    <None Include="..\..\src\Include\glm\core\type_mat3x2.inl">
      <Filter>Include\glm\core</Filter>
    </None>
    <None Include="..\..\src\Include\glm\core\type_mat3x3.inl">
      <Filter>Include\glm\core</Filter>
    </None>
    <None Include="..\..\src\Include\glm\core\type_mat3x4.inl">
      <Filter>Include\glm\core</Filter>
    </None>
    <None Include="..\..\src\Include\glm\core\type_mat4x2.inl">
      <Filter>Include\glm\core</Filter>
    </None>
    <None Include="..\..\src\Include\glm\core\type_mat4x3.inl">
      <Filter>Include\glm\core</Filter>
    </None>
    <None Include="..\..\src\Include\glm\core\type_mat4x4.inl">
      <Filter>Include\glm\core</Filter>
    </None>
    <None Include="..\..\src\Include\glm\core\type_vec.inl">
      <Filter>Include\glm\core</Filter>
    </None>
    <None Include="..\..\src\Include\glm\core\type_vec1.inl">
      <Filter>Include\glm\core</Filter>
    </None>
    <None Include="..\..\src\Include\glm\core\type_vec2.inl">
      <Filter>Include\glm\core</Filter>
    </None>
    <None Include="..\..\src\Include\glm\core\type_vec3.inl">
      <Filter>Include\glm\core</Filter>
    </None>
    <None Include="..\..\src\Include\glm\core\type_vec4.inl">
      <Filter>Include\glm\core</Filter>
    </None>
    <None Include="..\..\src\Include\glm\gtc\constants.inl">
      <Filter>Include\glm\gtc</Filter>
    </None>
    <None Include="..\..\src\Include\glm\gtc\epsilon.inl">
      <Filter>Include\glm\gtc</Filter>
    </None>
    <None Include="..\..\src\Include\glm\gtc\half_float.inl">
      <Filter>Include\glm\gtc</Filter>
    </None>
    <None Include="..\..\src\Include\glm\gtc\matrix_access.inl">
      <Filter>Include\glm\gtc</Filter>
    </None>
    <None Include="..\..\src\Include\glm\gtc\matrix_inverse.inl">
      <Filter>Include\glm\gtc</Filter>
    </None>
    <None Include="..\..\src\Include\glm\gtc\matrix_transform.inl">
      <Filter>Include\glm\gtc</Filter>
    </None>
    <None Include="..\..\src\Include\glm\gtc\noise.inl">
      <Filter>Include\glm\gtc</Filter>
    </None>
    <None Include="..\..\src\Include\glm\gtc\quaternion.inl">
      <Filter>Include\glm\gtc</Filter>
    </None>
    <None Include="..\..\src\Include\glm\gtc\random.inl">
      <Filter>Include\glm\gtc</Filter>
    </None>
    <None Include="..\..\src\Include\glm\gtc\reciprocal.inl">
      <Filter>Include\glm\gtc</Filter>
    </None>
    <None Include="..\..\src\Include\glm\gtc\swizzle.inl">
      <Filter>Include\glm\gtc</Filter>
    </None>
    <None Include="..\..\src\Include\glm\gtc\type_precision.inl">
      <Filter>Include\glm\gtc</Filter>
    </None>
    <None Include="..\..\src\Include\glm\gtc\type_ptr.inl">
      <Filter>Include\glm\gtc</Filter>
    </None>
    <None Include="..\..\src\Include\glm\gtc\ulp.inl">
      <Filter>Include\glm\gtc</Filter>
    </None>
    <None Include="..\..\src\Include\glm\gtx\associated_min_max.inl">
      <Filter>Include\glm\gtx</Filter>
    </None>
    <None Include="..\..\src\Include\glm\gtx\bit.inl">
      <Filter>Include\glm\gtx</Filter>
    </None>
    <None Include="..\..\src\Include\glm\gtx\closest_point.inl">
      <Filter>Include\glm\gtx</Filter>
    </None>
    <None Include="..\..\src\Include\glm\gtx\color_cast.inl">
      <Filter>Include\glm\gtx</Filter>
    </None>
    <None Include="..\..\src\Include\glm\gtx\color_space.inl">
      <Filter>Include\glm\gtx</Filter>
    </None>
    <None Include="..\..\src\Include\glm\gtx\color_space_YCoCg.inl">
      <Filter>Include\glm\gtx</Filter>
    </None>
    <None Include="..\..\src\Include\glm\gtx\compatibility.inl">
      <Filter>Include\glm\gtx</Filter>
    </None>
    <None Include="..\..\src\Include\glm\gtx\component_wise.inl">
      <Filter>Include\glm\gtx</Filter>
    </None>
    <None Include="..\..\src\Include\glm\gtx\euler_angles.inl">
      <Filter>Include\glm\gtx</Filter>
    </None>
    <None Include="..\..\src\Include\glm\gtx\extend.inl">
      <Filter>Include\glm\gtx</Filter>
    </None>
    <None Include="..\..\src\Include\glm\gtx\extented_min_max.inl">
      <Filter>Include\glm\gtx</Filter>
    </None>
    <None Include="..\..\src\Include\glm\gtx\fast_exponential.inl">
      <Filter>Include\glm\gtx</Filter>
    </None>
    <None Include="..\..\src\Include\glm\gtx\fast_square_root.inl">
      <Filter>Include\glm\gtx</Filter>
    </None>
    <None Include="..\..\src\Include\glm\gtx\fast_trigonometry.inl">
      <Filter>Include\glm\gtx</Filter>
    </None>
    <None Include="..\..\src\Include\glm\gtx\gradient_paint.inl">
      <Filter>Include\glm\gtx</Filter>
    </None>
    <None Include="..\..\src\Include\glm\gtx\handed_coordinate_space.inl">
      <Filter>Include\glm\gtx</Filter>
    </None>
    <None Include="..\..\src\Include\glm\gtx\inertia.inl">
      <Filter>Include\glm\gtx</Filter>
    </None>
    <None Include="..\..\src\Include\glm\gtx\int_10_10_10_2.inl">
      <Filter>Include\glm\gtx</Filter>
    </None>
    <None Include="..\..\src\Include\glm\gtx\integer.inl">
      <Filter>Include\glm\gtx</Filter>
    </None>
    <None Include="..\..\src\Include\glm\gtx\intersect.inl">
      <Filter>Include\glm\gtx</Filter>
    </None>
    <None Include="..\..\src\Include\glm\gtx\log_base.inl">
      <Filter>Include\glm\gtx</Filter>
    </None>
    <None Include="..\..\src\Include\glm\gtx\matrix_cross_product.inl">
      <Filter>Include\glm\gtx</Filter>
    </None>
    <None Include="..\..\src\Include\glm\gtx\matrix_interpolation.inl">
      <Filter>Include\glm\gtx</Filter>
    </None>
    <None Include="..\..\src\Include\glm\gtx\matrix_major_storage.inl">
      <Filter>Include\glm\gtx</Filter>
    </None>
    <None Include="..\..\src\Include\glm\gtx\matrix_operation.inl">
      <Filter>Include\glm\gtx</Filter>
    </None>
    <None Include="..\..\src\Include\glm\gtx\matrix_query.inl">
      <Filter>Include\glm\gtx</Filter>
    </None>
    <None Include="..\..\src\Include\glm\gtx\mixed_product.inl">
      <Filter>Include\glm\gtx</Filter>
    </None>
    <None Include="..\..\src\Include\glm\gtx\multiple.inl">
      <Filter>Include\glm\gtx</Filter>
    </None>
    <None Include="..\..\src\Include\glm\gtx\norm.inl">
      <Filter>Include\glm\gtx</Filter>
    </None>
    <None Include="..\..\src\Include\glm\gtx\normal.inl">
      <Filter>Include\glm\gtx</Filter>
    </None>
    <None Include="..\..\src\Include\glm\gtx\normalize_dot.inl">
      <Filter>Include\glm\gtx</Filter>
    </None>
    <None Include="..\..\src\Include\glm\gtx\number_precision.inl">
      <Filter>Include\glm\gtx</Filter>
    </None>
    <None Include="..\..\src\Include\glm\gtx\ocl_type.inl">
      <Filter>Include\glm\gtx</Filter>
    </None>
    <None Include="..\..\src\Include\glm\gtx\optimum_pow.inl">
      <Filter>Include\glm\gtx</Filter>
    </None>
    <None Include="..\..\src\Include\glm\gtx\orthonormalize.inl">
      <Filter>Include\glm\gtx</Filter>
    </None>
    <None Include="..\..\src\Include\glm\gtx\perpendicular.inl">
      <Filter>Include\glm\gtx</Filter>
    </None>
    <None Include="..\..\src\Include\glm\gtx\polar_coordinates.inl">
      <Filter>Include\glm\gtx</Filter>
    </None>
    <None Include="..\..\src\Include\glm\gtx\projection.inl">
      <Filter>Include\glm\gtx</Filter>
    </None>
    <None Include="..\..\src\Include\glm\gtx\quaternion.inl">
      <Filter>Include\glm\gtx</Filter>
    </None>
    <None Include="..\..\src\Include\glm\gtx\raw_data.inl">
      <Filter>Include\glm\gtx</Filter>
    </None>
    <None Include="..\..\src\Include\glm\gtx\rotate_vector.inl">
      <Filter>Include\glm\gtx</Filter>
    </None>
    <None Include="..\..\src\Include\glm\gtx\simd_mat4.inl">
      <Filter>Include\glm\gtx</Filter>
    </None>
    <None Include="..\..\src\Include\glm\gtx\simd_vec4.inl">
      <Filter>Include\glm\gtx</Filter>
    </None>
    <None Include="..\..\src\Include\glm\gtx\spline.inl">
      <Filter>Include\glm\gtx</Filter>
    </None>
    <None Include="..\..\src\Include\glm\gtx\std_based_type.inl">
      <Filter>Include\glm\gtx</Filter>
    </None>
    <None Include="..\..\src\Include\glm\gtx\string_cast.inl">
      <Filter>Include\glm\gtx</Filter>
    </None>
    <None Include="..\..\src\Include\glm\gtx\transform.inl">
      <Filter>Include\glm\gtx</Filter>
    </None>
    <None Include="..\..\src\Include\glm\gtx\transform2.inl">
      <Filter>Include\glm\gtx</Filter>
    </None>
    <None Include="..\..\src\Include\glm\gtx\unsigned_int.inl">
      <Filter>Include\glm\gtx</Filter>
    </None>
    <None Include="..\..\src\Include\glm\gtx\vec1.inl">
      <Filter>Include\glm\gtx</Filter>
    </None>
    <None Include="..\..\src\Include\glm\gtx\vector_access.inl">
      <Filter>Include\glm\gtx</Filter>
    </None>
    <None Include="..\..\src\Include\glm\gtx\vector_angle.inl">
      <Filter>Include\glm\gtx</Filter>
    </None>
    <None Include="..\..\src\Include\glm\gtx\vector_query.inl">
      <Filter>Include\glm\gtx</Filter>
    </None>
    <None Include="..\..\src\Include\glm\gtx\verbose_operator.inl">
      <Filter>Include\glm\gtx</Filter>
    </None>
    <None Include="..\..\src\Include\glm\gtx\wrap.inl">
      <Filter>Include\glm\gtx</Filter>
    </None>
  </ItemGroup>
</Project>